// !$*UTF8*$!
{
	archiveVersion = 1;
	classes = {
	};
	objectVersion = 50;
	objects = {

/* Begin PBXBuildFile section */
		93B3002B23E9259D000710D3 /* AppDelegate.swift in Sources */ = {isa = PBXBuildFile; fileRef = 93B3002A23E9259D000710D3 /* AppDelegate.swift */; };
		93B3002D23E9259D000710D3 /* SceneDelegate.swift in Sources */ = {isa = PBXBuildFile; fileRef = 93B3002C23E9259D000710D3 /* SceneDelegate.swift */; };
		93B3002F23E9259D000710D3 /* ViewController.swift in Sources */ = {isa = PBXBuildFile; fileRef = 93B3002E23E9259D000710D3 /* ViewController.swift */; };
		93B3003223E9259D000710D3 /* Main.storyboard in Resources */ = {isa = PBXBuildFile; fileRef = 93B3003023E9259D000710D3 /* Main.storyboard */; };
		93B3003423E925A1000710D3 /* Assets.xcassets in Resources */ = {isa = PBXBuildFile; fileRef = 93B3003323E925A1000710D3 /* Assets.xcassets */; };
		93B3003723E925A1000710D3 /* LaunchScreen.storyboard in Resources */ = {isa = PBXBuildFile; fileRef = 93B3003523E925A1000710D3 /* LaunchScreen.storyboard */; };
		93B3004223E925A1000710D3 /* Quiz_appTests.swift in Sources */ = {isa = PBXBuildFile; fileRef = 93B3004123E925A1000710D3 /* Quiz_appTests.swift */; };
		93B3004D23E925A1000710D3 /* Quiz_appUITests.swift in Sources */ = {isa = PBXBuildFile; fileRef = 93B3004C23E925A1000710D3 /* Quiz_appUITests.swift */; };
/* End PBXBuildFile section */

/* Begin PBXContainerItemProxy section */
		93B3003E23E925A1000710D3 /* PBXContainerItemProxy */ = {
			isa = PBXContainerItemProxy;
			containerPortal = 93B3001F23E9259D000710D3 /* Project object */;
			proxyType = 1;
			remoteGlobalIDString = 93B3002623E9259D000710D3;
			remoteInfo = Quiz_app;
		};
		93B3004923E925A1000710D3 /* PBXContainerItemProxy */ = {
			isa = PBXContainerItemProxy;
			containerPortal = 93B3001F23E9259D000710D3 /* Project object */;
			proxyType = 1;
			remoteGlobalIDString = 93B3002623E9259D000710D3;
			remoteInfo = Quiz_app;
		};
/* End PBXContainerItemProxy section */

/* Begin PBXFileReference section */
		93B3002723E9259D000710D3 /* Quiz_app.app */ = {isa = PBXFileReference; explicitFileType = wrapper.application; includeInIndex = 0; path = Quiz_app.app; sourceTree = BUILT_PRODUCTS_DIR; };
		93B3002A23E9259D000710D3 /* AppDelegate.swift */ = {isa = PBXFileReference; lastKnownFileType = sourcecode.swift; path = AppDelegate.swift; sourceTree = "<group>"; };
		93B3002C23E9259D000710D3 /* SceneDelegate.swift */ = {isa = PBXFileReference; lastKnownFileType = sourcecode.swift; path = SceneDelegate.swift; sourceTree = "<group>"; };
		93B3002E23E9259D000710D3 /* ViewController.swift */ = {isa = PBXFileReference; lastKnownFileType = sourcecode.swift; path = ViewController.swift; sourceTree = "<group>"; };
		93B3003123E9259D000710D3 /* Base */ = {isa = PBXFileReference; lastKnownFileType = file.storyboard; name = Base; path = Base.lproj/Main.storyboard; sourceTree = "<group>"; };
		93B3003323E925A1000710D3 /* Assets.xcassets */ = {isa = PBXFileReference; lastKnownFileType = folder.assetcatalog; path = Assets.xcassets; sourceTree = "<group>"; };
		93B3003623E925A1000710D3 /* Base */ = {isa = PBXFileReference; lastKnownFileType = file.storyboard; name = Base; path = Base.lproj/LaunchScreen.storyboard; sourceTree = "<group>"; };
		93B3003823E925A1000710D3 /* Info.plist */ = {isa = PBXFileReference; lastKnownFileType = text.plist.xml; path = Info.plist; sourceTree = "<group>"; };
		93B3003D23E925A1000710D3 /* Quiz_appTests.xctest */ = {isa = PBXFileReference; explicitFileType = wrapper.cfbundle; includeInIndex = 0; path = Quiz_appTests.xctest; sourceTree = BUILT_PRODUCTS_DIR; };
		93B3004123E925A1000710D3 /* Quiz_appTests.swift */ = {isa = PBXFileReference; lastKnownFileType = sourcecode.swift; path = Quiz_appTests.swift; sourceTree = "<group>"; };
		93B3004323E925A1000710D3 /* Info.plist */ = {isa = PBXFileReference; lastKnownFileType = text.plist.xml; path = Info.plist; sourceTree = "<group>"; };
		93B3004823E925A1000710D3 /* Quiz_appUITests.xctest */ = {isa = PBXFileReference; explicitFileType = wrapper.cfbundle; includeInIndex = 0; path = Quiz_appUITests.xctest; sourceTree = BUILT_PRODUCTS_DIR; };
		93B3004C23E925A1000710D3 /* Quiz_appUITests.swift */ = {isa = PBXFileReference; lastKnownFileType = sourcecode.swift; path = Quiz_appUITests.swift; sourceTree = "<group>"; };
		93B3004E23E925A2000710D3 /* Info.plist */ = {isa = PBXFileReference; lastKnownFileType = text.plist.xml; path = Info.plist; sourceTree = "<group>"; };
/* End PBXFileReference section */

/* Begin PBXFrameworksBuildPhase section */
		93B3002423E9259D000710D3 /* Frameworks */ = {
			isa = PBXFrameworksBuildPhase;
			buildActionMask = 2147483647;
			files = (
			);
			runOnlyForDeploymentPostprocessing = 0;
		};
		93B3003A23E925A1000710D3 /* Frameworks */ = {
			isa = PBXFrameworksBuildPhase;
			buildActionMask = 2147483647;
			files = (
			);
			runOnlyForDeploymentPostprocessing = 0;
		};
		93B3004523E925A1000710D3 /* Frameworks */ = {
			isa = PBXFrameworksBuildPhase;
			buildActionMask = 2147483647;
			files = (
			);
			runOnlyForDeploymentPostprocessing = 0;
		};
/* End PBXFrameworksBuildPhase section */

/* Begin PBXGroup section */
		93B3001E23E9259D000710D3 = {
			isa = PBXGroup;
			children = (
				93B3002923E9259D000710D3 /* Quiz_app */,
				93B3004023E925A1000710D3 /* Quiz_appTests */,
				93B3004B23E925A1000710D3 /* Quiz_appUITests */,
				93B3002823E9259D000710D3 /* Products */,
			);
			sourceTree = "<group>";
		};
		93B3002823E9259D000710D3 /* Products */ = {
			isa = PBXGroup;
			children = (
				93B3002723E9259D000710D3 /* Quiz_app.app */,
				93B3003D23E925A1000710D3 /* Quiz_appTests.xctest */,
				93B3004823E925A1000710D3 /* Quiz_appUITests.xctest */,
			);
			name = Products;
			sourceTree = "<group>";
		};
		93B3002923E9259D000710D3 /* Quiz_app */ = {
			isa = PBXGroup;
			children = (
				93B3002A23E9259D000710D3 /* AppDelegate.swift */,
				93B3002C23E9259D000710D3 /* SceneDelegate.swift */,
				93B3002E23E9259D000710D3 /* ViewController.swift */,
				93B3003023E9259D000710D3 /* Main.storyboard */,
				93B3003323E925A1000710D3 /* Assets.xcassets */,
				93B3003523E925A1000710D3 /* LaunchScreen.storyboard */,
				93B3003823E925A1000710D3 /* Info.plist */,
			);
			path = Quiz_app;
			sourceTree = "<group>";
		};
		93B3004023E925A1000710D3 /* Quiz_appTests */ = {
			isa = PBXGroup;
			children = (
				93B3004123E925A1000710D3 /* Quiz_appTests.swift */,
				93B3004323E925A1000710D3 /* Info.plist */,
			);
			path = Quiz_appTests;
			sourceTree = "<group>";
		};
		93B3004B23E925A1000710D3 /* Quiz_appUITests */ = {
			isa = PBXGroup;
			children = (
				93B3004C23E925A1000710D3 /* Quiz_appUITests.swift */,
				93B3004E23E925A2000710D3 /* Info.plist */,
			);
			path = Quiz_appUITests;
			sourceTree = "<group>";
		};
/* End PBXGroup section */

/* Begin PBXNativeTarget section */
		93B3002623E9259D000710D3 /* Quiz_app */ = {
			isa = PBXNativeTarget;
			buildConfigurationList = 93B3005123E925A2000710D3 /* Build configuration list for PBXNativeTarget "Quiz_app" */;
			buildPhases = (
				93B3002323E9259D000710D3 /* Sources */,
				93B3002423E9259D000710D3 /* Frameworks */,
				93B3002523E9259D000710D3 /* Resources */,
			);
			buildRules = (
			);
			dependencies = (
			);
			name = Quiz_app;
			productName = Quiz_app;
			productReference = 93B3002723E9259D000710D3 /* Quiz_app.app */;
			productType = "com.apple.product-type.application";
		};
		93B3003C23E925A1000710D3 /* Quiz_appTests */ = {
			isa = PBXNativeTarget;
			buildConfigurationList = 93B3005423E925A2000710D3 /* Build configuration list for PBXNativeTarget "Quiz_appTests" */;
			buildPhases = (
				93B3003923E925A1000710D3 /* Sources */,
				93B3003A23E925A1000710D3 /* Frameworks */,
				93B3003B23E925A1000710D3 /* Resources */,
			);
			buildRules = (
			);
			dependencies = (
				93B3003F23E925A1000710D3 /* PBXTargetDependency */,
			);
			name = Quiz_appTests;
			productName = Quiz_appTests;
			productReference = 93B3003D23E925A1000710D3 /* Quiz_appTests.xctest */;
			productType = "com.apple.product-type.bundle.unit-test";
		};
		93B3004723E925A1000710D3 /* Quiz_appUITests */ = {
			isa = PBXNativeTarget;
			buildConfigurationList = 93B3005723E925A2000710D3 /* Build configuration list for PBXNativeTarget "Quiz_appUITests" */;
			buildPhases = (
				93B3004423E925A1000710D3 /* Sources */,
				93B3004523E925A1000710D3 /* Frameworks */,
				93B3004623E925A1000710D3 /* Resources */,
			);
			buildRules = (
			);
			dependencies = (
				93B3004A23E925A1000710D3 /* PBXTargetDependency */,
			);
			name = Quiz_appUITests;
			productName = Quiz_appUITests;
			productReference = 93B3004823E925A1000710D3 /* Quiz_appUITests.xctest */;
			productType = "com.apple.product-type.bundle.ui-testing";
		};
/* End PBXNativeTarget section */

/* Begin PBXProject section */
		93B3001F23E9259D000710D3 /* Project object */ = {
			isa = PBXProject;
			attributes = {
				LastSwiftUpdateCheck = 1130;
				LastUpgradeCheck = 1130;
				ORGANIZATIONNAME = "Krunal Mistry";
				TargetAttributes = {
					93B3002623E9259D000710D3 = {
						CreatedOnToolsVersion = 11.3.1;
					};
					93B3003C23E925A1000710D3 = {
						CreatedOnToolsVersion = 11.3.1;
						TestTargetID = 93B3002623E9259D000710D3;
					};
					93B3004723E925A1000710D3 = {
						CreatedOnToolsVersion = 11.3.1;
						TestTargetID = 93B3002623E9259D000710D3;
					};
				};
			};
			buildConfigurationList = 93B3002223E9259D000710D3 /* Build configuration list for PBXProject "Quiz_app" */;
			compatibilityVersion = "Xcode 9.3";
			developmentRegion = en;
			hasScannedForEncodings = 0;
			knownRegions = (
				en,
				Base,
			);
			mainGroup = 93B3001E23E9259D000710D3;
			productRefGroup = 93B3002823E9259D000710D3 /* Products */;
			projectDirPath = "";
			projectRoot = "";
			targets = (
				93B3002623E9259D000710D3 /* Quiz_app */,
				93B3003C23E925A1000710D3 /* Quiz_appTests */,
				93B3004723E925A1000710D3 /* Quiz_appUITests */,
			);
		};
/* End PBXProject section */

/* Begin PBXResourcesBuildPhase section */
		93B3002523E9259D000710D3 /* Resources */ = {
			isa = PBXResourcesBuildPhase;
			buildActionMask = 2147483647;
			files = (
				93B3003723E925A1000710D3 /* LaunchScreen.storyboard in Resources */,
				93B3003423E925A1000710D3 /* Assets.xcassets in Resources */,
				93B3003223E9259D000710D3 /* Main.storyboard in Resources */,
			);
			runOnlyForDeploymentPostprocessing = 0;
		};
		93B3003B23E925A1000710D3 /* Resources */ = {
			isa = PBXResourcesBuildPhase;
			buildActionMask = 2147483647;
			files = (
			);
			runOnlyForDeploymentPostprocessing = 0;
		};
		93B3004623E925A1000710D3 /* Resources */ = {
			isa = PBXResourcesBuildPhase;
			buildActionMask = 2147483647;
			files = (
			);
			runOnlyForDeploymentPostprocessing = 0;
		};
/* End PBXResourcesBuildPhase section */

/* Begin PBXSourcesBuildPhase section */
		93B3002323E9259D000710D3 /* Sources */ = {
			isa = PBXSourcesBuildPhase;
			buildActionMask = 2147483647;
			files = (
				93B3002F23E9259D000710D3 /* ViewController.swift in Sources */,
				93B3002B23E9259D000710D3 /* AppDelegate.swift in Sources */,
				93B3002D23E9259D000710D3 /* SceneDelegate.swift in Sources */,
			);
			runOnlyForDeploymentPostprocessing = 0;
		};
		93B3003923E925A1000710D3 /* Sources */ = {
			isa = PBXSourcesBuildPhase;
			buildActionMask = 2147483647;
			files = (
				93B3004223E925A1000710D3 /* Quiz_appTests.swift in Sources */,
			);
			runOnlyForDeploymentPostprocessing = 0;
		};
		93B3004423E925A1000710D3 /* Sources */ = {
			isa = PBXSourcesBuildPhase;
			buildActionMask = 2147483647;
			files = (
				93B3004D23E925A1000710D3 /* Quiz_appUITests.swift in Sources */,
			);
			runOnlyForDeploymentPostprocessing = 0;
		};
/* End PBXSourcesBuildPhase section */

/* Begin PBXTargetDependency section */
		93B3003F23E925A1000710D3 /* PBXTargetDependency */ = {
			isa = PBXTargetDependency;
			target = 93B3002623E9259D000710D3 /* Quiz_app */;
			targetProxy = 93B3003E23E925A1000710D3 /* PBXContainerItemProxy */;
		};
		93B3004A23E925A1000710D3 /* PBXTargetDependency */ = {
			isa = PBXTargetDependency;
			target = 93B3002623E9259D000710D3 /* Quiz_app */;
			targetProxy = 93B3004923E925A1000710D3 /* PBXContainerItemProxy */;
		};
/* End PBXTargetDependency section */

/* Begin PBXVariantGroup section */
		93B3003023E9259D000710D3 /* Main.storyboard */ = {
			isa = PBXVariantGroup;
			children = (
				93B3003123E9259D000710D3 /* Base */,
			);
			name = Main.storyboard;
			sourceTree = "<group>";
		};
		93B3003523E925A1000710D3 /* LaunchScreen.storyboard */ = {
			isa = PBXVariantGroup;
			children = (
				93B3003623E925A1000710D3 /* Base */,
			);
			name = LaunchScreen.storyboard;
			sourceTree = "<group>";
		};
/* End PBXVariantGroup section */

/* Begin XCBuildConfiguration section */
		93B3004F23E925A2000710D3 /* Debug */ = {
			isa = XCBuildConfiguration;
			buildSettings = {
				ALWAYS_SEARCH_USER_PATHS = NO;
				CLANG_ANALYZER_NONNULL = YES;
				CLANG_ANALYZER_NUMBER_OBJECT_CONVERSION = YES_AGGRESSIVE;
				CLANG_CXX_LANGUAGE_STANDARD = "gnu++14";
				CLANG_CXX_LIBRARY = "libc++";
				CLANG_ENABLE_MODULES = YES;
				CLANG_ENABLE_OBJC_ARC = YES;
				CLANG_ENABLE_OBJC_WEAK = YES;
				CLANG_WARN_BLOCK_CAPTURE_AUTORELEASING = YES;
				CLANG_WARN_BOOL_CONVERSION = YES;
				CLANG_WARN_COMMA = YES;
				CLANG_WARN_CONSTANT_CONVERSION = YES;
				CLANG_WARN_DEPRECATED_OBJC_IMPLEMENTATIONS = YES;
				CLANG_WARN_DIRECT_OBJC_ISA_USAGE = YES_ERROR;
				CLANG_WARN_DOCUMENTATION_COMMENTS = YES;
				CLANG_WARN_EMPTY_BODY = YES;
				CLANG_WARN_ENUM_CONVERSION = YES;
				CLANG_WARN_INFINITE_RECURSION = YES;
				CLANG_WARN_INT_CONVERSION = YES;
				CLANG_WARN_NON_LITERAL_NULL_CONVERSION = YES;
				CLANG_WARN_OBJC_IMPLICIT_RETAIN_SELF = YES;
				CLANG_WARN_OBJC_LITERAL_CONVERSION = YES;
				CLANG_WARN_OBJC_ROOT_CLASS = YES_ERROR;
				CLANG_WARN_RANGE_LOOP_ANALYSIS = YES;
				CLANG_WARN_STRICT_PROTOTYPES = YES;
				CLANG_WARN_SUSPICIOUS_MOVE = YES;
				CLANG_WARN_UNGUARDED_AVAILABILITY = YES_AGGRESSIVE;
				CLANG_WARN_UNREACHABLE_CODE = YES;
				CLANG_WARN__DUPLICATE_METHOD_MATCH = YES;
				COPY_PHASE_STRIP = NO;
				DEBUG_INFORMATION_FORMAT = dwarf;
				ENABLE_STRICT_OBJC_MSGSEND = YES;
				ENABLE_TESTABILITY = YES;
				GCC_C_LANGUAGE_STANDARD = gnu11;
				GCC_DYNAMIC_NO_PIC = NO;
				GCC_NO_COMMON_BLOCKS = YES;
				GCC_OPTIMIZATION_LEVEL = 0;
				GCC_PREPROCESSOR_DEFINITIONS = (
					"DEBUG=1",
					"$(inherited)",
				);
				GCC_WARN_64_TO_32_BIT_CONVERSION = YES;
				GCC_WARN_ABOUT_RETURN_TYPE = YES_ERROR;
				GCC_WARN_UNDECLARED_SELECTOR = YES;
				GCC_WARN_UNINITIALIZED_AUTOS = YES_AGGRESSIVE;
				GCC_WARN_UNUSED_FUNCTION = YES;
				GCC_WARN_UNUSED_VARIABLE = YES;
				IPHONEOS_DEPLOYMENT_TARGET = 13.2;
				MTL_ENABLE_DEBUG_INFO = INCLUDE_SOURCE;
				MTL_FAST_MATH = YES;
				ONLY_ACTIVE_ARCH = YES;
				SDKROOT = iphoneos;
				SWIFT_ACTIVE_COMPILATION_CONDITIONS = DEBUG;
				SWIFT_OPTIMIZATION_LEVEL = "-Onone";
			};
			name = Debug;
		};
		93B3005023E925A2000710D3 /* Release */ = {
			isa = XCBuildConfiguration;
			buildSettings = {
				ALWAYS_SEARCH_USER_PATHS = NO;
				CLANG_ANALYZER_NONNULL = YES;
				CLANG_ANALYZER_NUMBER_OBJECT_CONVERSION = YES_AGGRESSIVE;
				CLANG_CXX_LANGUAGE_STANDARD = "gnu++14";
				CLANG_CXX_LIBRARY = "libc++";
				CLANG_ENABLE_MODULES = YES;
				CLANG_ENABLE_OBJC_ARC = YES;
				CLANG_ENABLE_OBJC_WEAK = YES;
				CLANG_WARN_BLOCK_CAPTURE_AUTORELEASING = YES;
				CLANG_WARN_BOOL_CONVERSION = YES;
				CLANG_WARN_COMMA = YES;
				CLANG_WARN_CONSTANT_CONVERSION = YES;
				CLANG_WARN_DEPRECATED_OBJC_IMPLEMENTATIONS = YES;
				CLANG_WARN_DIRECT_OBJC_ISA_USAGE = YES_ERROR;
				CLANG_WARN_DOCUMENTATION_COMMENTS = YES;
				CLANG_WARN_EMPTY_BODY = YES;
				CLANG_WARN_ENUM_CONVERSION = YES;
				CLANG_WARN_INFINITE_RECURSION = YES;
				CLANG_WARN_INT_CONVERSION = YES;
				CLANG_WARN_NON_LITERAL_NULL_CONVERSION = YES;
				CLANG_WARN_OBJC_IMPLICIT_RETAIN_SELF = YES;
				CLANG_WARN_OBJC_LITERAL_CONVERSION = YES;
				CLANG_WARN_OBJC_ROOT_CLASS = YES_ERROR;
				CLANG_WARN_RANGE_LOOP_ANALYSIS = YES;
				CLANG_WARN_STRICT_PROTOTYPES = YES;
				CLANG_WARN_SUSPICIOUS_MOVE = YES;
				CLANG_WARN_UNGUARDED_AVAILABILITY = YES_AGGRESSIVE;
				CLANG_WARN_UNREACHABLE_CODE = YES;
				CLANG_WARN__DUPLICATE_METHOD_MATCH = YES;
				COPY_PHASE_STRIP = NO;
				DEBUG_INFORMATION_FORMAT = "dwarf-with-dsym";
				ENABLE_NS_ASSERTIONS = NO;
				ENABLE_STRICT_OBJC_MSGSEND = YES;
				GCC_C_LANGUAGE_STANDARD = gnu11;
				GCC_NO_COMMON_BLOCKS = YES;
				GCC_WARN_64_TO_32_BIT_CONVERSION = YES;
				GCC_WARN_ABOUT_RETURN_TYPE = YES_ERROR;
				GCC_WARN_UNDECLARED_SELECTOR = YES;
				GCC_WARN_UNINITIALIZED_AUTOS = YES_AGGRESSIVE;
				GCC_WARN_UNUSED_FUNCTION = YES;
				GCC_WARN_UNUSED_VARIABLE = YES;
				IPHONEOS_DEPLOYMENT_TARGET = 13.2;
				MTL_ENABLE_DEBUG_INFO = NO;
				MTL_FAST_MATH = YES;
				SDKROOT = iphoneos;
				SWIFT_COMPILATION_MODE = wholemodule;
				SWIFT_OPTIMIZATION_LEVEL = "-O";
				VALIDATE_PRODUCT = YES;
			};
			name = Release;
		};
		93B3005223E925A2000710D3 /* Debug */ = {
			isa = XCBuildConfiguration;
			buildSettings = {
				ASSETCATALOG_COMPILER_APPICON_NAME = AppIcon;
				CODE_SIGN_STYLE = Automatic;
				INFOPLIST_FILE = Quiz_app/Info.plist;
				LD_RUNPATH_SEARCH_PATHS = (
					"$(inherited)",
					"@executable_path/Frameworks",
				);
				PRODUCT_BUNDLE_IDENTIFIER = "krunal.Quiz-app";
				PRODUCT_NAME = "$(TARGET_NAME)";
				SWIFT_VERSION = 5.0;
				TARGETED_DEVICE_FAMILY = "1,2";
			};
			name = Debug;
		};
		93B3005323E925A2000710D3 /* Release */ = {
			isa = XCBuildConfiguration;
			buildSettings = {
				ASSETCATALOG_COMPILER_APPICON_NAME = AppIcon;
				CODE_SIGN_STYLE = Automatic;
				INFOPLIST_FILE = Quiz_app/Info.plist;
				LD_RUNPATH_SEARCH_PATHS = (
					"$(inherited)",
					"@executable_path/Frameworks",
				);
				PRODUCT_BUNDLE_IDENTIFIER = "krunal.Quiz-app";
				PRODUCT_NAME = "$(TARGET_NAME)";
				SWIFT_VERSION = 5.0;
				TARGETED_DEVICE_FAMILY = "1,2";
			};
			name = Release;
		};
		93B3005523E925A2000710D3 /* Debug */ = {
			isa = XCBuildConfiguration;
			buildSettings = {
				ALWAYS_EMBED_SWIFT_STANDARD_LIBRARIES = YES;
				BUNDLE_LOADER = "$(TEST_HOST)";
				CODE_SIGN_STYLE = Automatic;
				INFOPLIST_FILE = Quiz_appTests/Info.plist;
				IPHONEOS_DEPLOYMENT_TARGET = 13.2;
				LD_RUNPATH_SEARCH_PATHS = (
					"$(inherited)",
					"@executable_path/Frameworks",
					"@loader_path/Frameworks",
				);
				PRODUCT_BUNDLE_IDENTIFIER = "krunal.Quiz-appTests";
				PRODUCT_NAME = "$(TARGET_NAME)";
				SWIFT_VERSION = 5.0;
				TARGETED_DEVICE_FAMILY = "1,2";
				TEST_HOST = "$(BUILT_PRODUCTS_DIR)/Quiz_app.app/Quiz_app";
			};
			name = Debug;
		};
		93B3005623E925A2000710D3 /* Release */ = {
			isa = XCBuildConfiguration;
			buildSettings = {
				ALWAYS_EMBED_SWIFT_STANDARD_LIBRARIES = YES;
				BUNDLE_LOADER = "$(TEST_HOST)";
				CODE_SIGN_STYLE = Automatic;
				INFOPLIST_FILE = Quiz_appTests/Info.plist;
				IPHONEOS_DEPLOYMENT_TARGET = 13.2;
				LD_RUNPATH_SEARCH_PATHS = (
					"$(inherited)",
					"@executable_path/Frameworks",
					"@loader_path/Frameworks",
				);
				PRODUCT_BUNDLE_IDENTIFIER = "krunal.Quiz-appTests";
				PRODUCT_NAME = "$(TARGET_NAME)";
				SWIFT_VERSION = 5.0;
				TARGETED_DEVICE_FAMILY = "1,2";
				TEST_HOST = "$(BUILT_PRODUCTS_DIR)/Quiz_app.app/Quiz_app";
			};
			name = Release;
		};
		93B3005823E925A2000710D3 /* Debug */ = {
			isa = XCBuildConfiguration;
			buildSettings = {
				ALWAYS_EMBED_SWIFT_STANDARD_LIBRARIES = YES;
				CODE_SIGN_STYLE = Automatic;
				INFOPLIST_FILE = Quiz_appUITests/Info.plist;
				LD_RUNPATH_SEARCH_PATHS = (
					"$(inherited)",
					"@executable_path/Frameworks",
					"@loader_path/Frameworks",
				);
				PRODUCT_BUNDLE_IDENTIFIER = "krunal.Quiz-appUITests";
				PRODUCT_NAME = "$(TARGET_NAME)";
				SWIFT_VERSION = 5.0;
				TARGETED_DEVICE_FAMILY = "1,2";
				TEST_TARGET_NAME = Quiz_app;
			};
			name = Debug;
		};
		93B3005923E925A2000710D3 /* Release */ = {
			isa = XCBuildConfiguration;
			buildSettings = {
				ALWAYS_EMBED_SWIFT_STANDARD_LIBRARIES = YES;
				CODE_SIGN_STYLE = Automatic;
				INFOPLIST_FILE = Quiz_appUITests/Info.plist;
				LD_RUNPATH_SEARCH_PATHS = (
					"$(inherited)",
					"@executable_path/Frameworks",
					"@loader_path/Frameworks",
				);
				PRODUCT_BUNDLE_IDENTIFIER = "krunal.Quiz-appUITests";
				PRODUCT_NAME = "$(TARGET_NAME)";
				SWIFT_VERSION = 5.0;
				TARGETED_DEVICE_FAMILY = "1,2";
				TEST_TARGET_NAME = Quiz_app;
			};
			name = Release;
		};
/* End XCBuildConfiguration section */

/* Begin XCConfigurationList section */
		93B3002223E9259D000710D3 /* Build configuration list for PBXProject "Quiz_app" */ = {
			isa = XCConfigurationList;
			buildConfigurations = (
				93B3004F23E925A2000710D3 /* Debug */,
				93B3005023E925A2000710D3 /* Release */,
			);
			defaultConfigurationIsVisible = 0;
			defaultConfigurationName = Release;
		};
		93B3005123E925A2000710D3 /* Build configuration list for PBXNativeTarget "Quiz_app" */ = {
			isa = XCConfigurationList;
			buildConfigurations = (
				93B3005223E925A2000710D3 /* Debug */,
				93B3005323E925A2000710D3 /* Release */,
			);
			defaultConfigurationIsVisible = 0;
			defaultConfigurationName = Release;
		};
		93B3005423E925A2000710D3 /* Build configuration list for PBXNativeTarget "Quiz_appTests" */ = {
			isa = XCConfigurationList;
			buildConfigurations = (
				93B3005523E925A2000710D3 /* Debug */,
				93B3005623E925A2000710D3 /* Release */,
			);
			defaultConfigurationIsVisible = 0;
			defaultConfigurationName = Release;
		};
		93B3005723E925A2000710D3 /* Build configuration list for PBXNativeTarget "Quiz_appUITests" */ = {
			isa = XCConfigurationList;
			buildConfigurations = (
				93B3005823E925A2000710D3 /* Debug */,
				93B3005923E925A2000710D3 /* Release */,
			);
			defaultConfigurationIsVisible = 0;
			defaultConfigurationName = Release;
		};
/* End XCConfigurationList section */
	};
	rootObject = 93B3001F23E9259D000710D3 /* Project object */;
}
